
Microsoft Visual Studio Solution File, Format Version 12.00
# Visual Studio Version 17
VisualStudioVersion = 17.5.002.0
MinimumVisualStudioVersion = 10.0.40219.1
Project("{2150E333-8FDC-42A3-9474-1A3956D46DE8}") = "src", "src", "{2D330A08-9517-4074-95AF-29AEC1784287}"
EndProject
Project("{9A19103F-16F7-4668-BE54-9A1E7A4F7556}") = "GmailRelayApp", "src\GmailRelayApp\GmailRelayApp.csproj", "{5217438E-C344-431C-AC96-2254A08512C1}"
EndProject
Global
	GlobalSection(SolutionConfigurationPlatforms) = preSolution
		Debug|Any CPU = Debug|Any CPU
		Release|Any CPU = Release|Any CPU
	EndGlobalSection
	GlobalSection(ProjectConfigurationPlatforms) = postSolution
		{5217438E-C344-431C-AC96-2254A08512C1}.Debug|Any CPU.ActiveCfg = Debug|Any CPU
		{5217438E-C344-431C-AC96-2254A08512C1}.Debug|Any CPU.Build.0 = Debug|Any CPU
		{5217438E-C344-431C-AC96-2254A08512C1}.Release|Any CPU.ActiveCfg = Release|Any CPU
		{5217438E-C344-431C-AC96-2254A08512C1}.Release|Any CPU.Build.0 = Release|Any CPU
	EndGlobalSection
	GlobalSection(SolutionProperties) = preSolution
		HideSolutionNode = FALSE
	EndGlobalSection
	GlobalSection(NestedProjects) = preSolution
		{5217438E-C344-431C-AC96-2254A08512C1} = {2D330A08-9517-4074-95AF-29AEC1784287}
	EndGlobalSection
	GlobalSection(ExtensibilityGlobals) = postSolution
		SolutionGuid = {29FC75D8-1989-42F0-8784-94993AA708EC}
	EndGlobalSection
EndGlobal
